
Microsoft Visual Studio Solution File, Format Version 12.00
# Visual Studio Version 17
VisualStudioVersion = 17.0.31919.166
MinimumVisualStudioVersion = 10.0.40219.1
Project("{FAE04EC0-301F-11D3-BF4B-00C04F79EFBC}") = "UC9_Conversão_Temperatura", "UC9_Conversão_Temperatura\UC9_Conversão_Temperatura.csproj", "{E1B7F221-EADA-41C0-B235-AFCC3C675A48}"
EndProject
Global
	GlobalSection(SolutionConfigurationPlatforms) = preSolution
		Debug|Any CPU = Debug|Any CPU
		Release|Any CPU = Release|Any CPU
	EndGlobalSection
	GlobalSection(ProjectConfigurationPlatforms) = postSolution
		{E1B7F221-EADA-41C0-B235-AFCC3C675A48}.Debug|Any CPU.ActiveCfg = Debug|Any CPU
		{E1B7F221-EADA-41C0-B235-AFCC3C675A48}.Debug|Any CPU.Build.0 = Debug|Any CPU
		{E1B7F221-EADA-41C0-B235-AFCC3C675A48}.Release|Any CPU.ActiveCfg = Release|Any CPU
		{E1B7F221-EADA-41C0-B235-AFCC3C675A48}.Release|Any CPU.Build.0 = Release|Any CPU
	EndGlobalSection
	GlobalSection(SolutionProperties) = preSolution
		HideSolutionNode = FALSE
	EndGlobalSection
	GlobalSection(ExtensibilityGlobals) = postSolution
		SolutionGuid = {FF501877-960E-4E61-B67C-76289A8B8018}
	EndGlobalSection
EndGlobal
